
Microsoft Visual Studio Solution File, Format Version 12.00
# Visual Studio Version 17
VisualStudioVersion = 17.4.33213.308
MinimumVisualStudioVersion = 10.0.40219.1
Project("{FAE04EC0-301F-11D3-BF4B-00C04F79EFBC}") = "TipCalculator", "TipCalculator\TipCalculator.csproj", "{27BE4D5B-156D-463E-9EE4-C9638DC6DADC}"
EndProject
Global
	GlobalSection(SolutionConfigurationPlatforms) = preSolution
		Debug|Any CPU = Debug|Any CPU
		Release|Any CPU = Release|Any CPU
	EndGlobalSection
	GlobalSection(ProjectConfigurationPlatforms) = postSolution
		{27BE4D5B-156D-463E-9EE4-C9638DC6DADC}.Debug|Any CPU.ActiveCfg = Debug|Any CPU
		{27BE4D5B-156D-463E-9EE4-C9638DC6DADC}.Debug|Any CPU.Build.0 = Debug|Any CPU
		{27BE4D5B-156D-463E-9EE4-C9638DC6DADC}.Release|Any CPU.ActiveCfg = Release|Any CPU
		{27BE4D5B-156D-463E-9EE4-C9638DC6DADC}.Release|Any CPU.Build.0 = Release|Any CPU
	EndGlobalSection
	GlobalSection(SolutionProperties) = preSolution
		HideSolutionNode = FALSE
	EndGlobalSection
	GlobalSection(ExtensibilityGlobals) = postSolution
		SolutionGuid = {BC90A6F5-0171-443B-9821-4841C267DE9E}
	EndGlobalSection
EndGlobal
